
Microsoft Visual Studio Solution File, Format Version 12.00
# Visual Studio Version 16
VisualStudioVersion = 16.0.30717.126
MinimumVisualStudioVersion = 10.0.40219.1
Project("{9A19103F-16F7-4668-BE54-9A1E7A4F7556}") = "PathFindingDotnetCore", "PathFindingDotnetCore\PathFindingDotnetCore.csproj", "{AECDE5D1-69F9-4DBA-A6CF-2220F55BF269}"
EndProject
Project("{FAE04EC0-301F-11D3-BF4B-00C04F79EFBC}") = "PathFindingDotnetCoreTests", "PathFindingDotnetCoreTests\PathFindingDotnetCoreTests.csproj", "{DC0407AD-C45A-4E6B-BA26-402484D045F3}"
EndProject
Global
	GlobalSection(SolutionConfigurationPlatforms) = preSolution
		Debug|Any CPU = Debug|Any CPU
		Release|Any CPU = Release|Any CPU
	EndGlobalSection
	GlobalSection(ProjectConfigurationPlatforms) = postSolution
		{AECDE5D1-69F9-4DBA-A6CF-2220F55BF269}.Debug|Any CPU.ActiveCfg = Debug|Any CPU
		{AECDE5D1-69F9-4DBA-A6CF-2220F55BF269}.Debug|Any CPU.Build.0 = Debug|Any CPU
		{AECDE5D1-69F9-4DBA-A6CF-2220F55BF269}.Release|Any CPU.ActiveCfg = Release|Any CPU
		{AECDE5D1-69F9-4DBA-A6CF-2220F55BF269}.Release|Any CPU.Build.0 = Release|Any CPU
		{DC0407AD-C45A-4E6B-BA26-402484D045F3}.Debug|Any CPU.ActiveCfg = Debug|Any CPU
		{DC0407AD-C45A-4E6B-BA26-402484D045F3}.Debug|Any CPU.Build.0 = Debug|Any CPU
		{DC0407AD-C45A-4E6B-BA26-402484D045F3}.Release|Any CPU.ActiveCfg = Release|Any CPU
		{DC0407AD-C45A-4E6B-BA26-402484D045F3}.Release|Any CPU.Build.0 = Release|Any CPU
	EndGlobalSection
	GlobalSection(SolutionProperties) = preSolution
		HideSolutionNode = FALSE
	EndGlobalSection
	GlobalSection(ExtensibilityGlobals) = postSolution
		SolutionGuid = {14018F3F-104D-4CA7-A4F1-1C67EAF61A1B}
	EndGlobalSection
EndGlobal
